
Microsoft Visual Studio Solution File, Format Version 12.00
# Visual Studio Version 17
VisualStudioVersion = 17.11.35222.181
MinimumVisualStudioVersion = 10.0.40219.1
Project("{FAE04EC0-301F-11D3-BF4B-00C04F79EFBC}") = "Demo_Session_02_MVC_ENG_Ahmed.Nasr", "Demo_Session_02_MVC_ENG_Ahmed.Nasr\Demo_Session_02_MVC_ENG_Ahmed.Nasr.csproj", "{EFA8CE97-4F8F-47E2-B879-EFA93472EFE0}"
EndProject
Global
	GlobalSection(SolutionConfigurationPlatforms) = preSolution
		Debug|Any CPU = Debug|Any CPU
		Release|Any CPU = Release|Any CPU
	EndGlobalSection
	GlobalSection(ProjectConfigurationPlatforms) = postSolution
		{EFA8CE97-4F8F-47E2-B879-EFA93472EFE0}.Debug|Any CPU.ActiveCfg = Debug|Any CPU
		{EFA8CE97-4F8F-47E2-B879-EFA93472EFE0}.Debug|Any CPU.Build.0 = Debug|Any CPU
		{EFA8CE97-4F8F-47E2-B879-EFA93472EFE0}.Release|Any CPU.ActiveCfg = Release|Any CPU
		{EFA8CE97-4F8F-47E2-B879-EFA93472EFE0}.Release|Any CPU.Build.0 = Release|Any CPU
	EndGlobalSection
	GlobalSection(SolutionProperties) = preSolution
		HideSolutionNode = FALSE
	EndGlobalSection
	GlobalSection(ExtensibilityGlobals) = postSolution
		SolutionGuid = {65FCE473-C924-44A3-9954-D16162EB7C6F}
	EndGlobalSection
EndGlobal
